// !$*UTF8*$!
{
	archiveVersion = 1;
	classes = {
	};
	objectVersion = 50;
	objects = {

/* Begin PBXBuildFile section */
		879BA21A2666D63E00A32561 /* hikeData.json in Resources */ = {isa = PBXBuildFile; fileRef = 879BA2192666D63E00A32561 /* hikeData.json */; };
		879BA21C2666D65600A32561 /* Hike.swift in Sources */ = {isa = PBXBuildFile; fileRef = 879BA21B2666D65600A32561 /* Hike.swift */; };
		879BA2222666D79900A32561 /* GraphCapsule.swift in Sources */ = {isa = PBXBuildFile; fileRef = 879BA21E2666D79900A32561 /* GraphCapsule.swift */; };
		879BA2232666D79900A32561 /* HikeGraph.swift in Sources */ = {isa = PBXBuildFile; fileRef = 879BA21F2666D79900A32561 /* HikeGraph.swift */; };
		879BA2242666D79900A32561 /* HikeDetail.swift in Sources */ = {isa = PBXBuildFile; fileRef = 879BA2202666D79900A32561 /* HikeDetail.swift */; };
		879BA2252666D79900A32561 /* HikeView.swift in Sources */ = {isa = PBXBuildFile; fileRef = 879BA2212666D79900A32561 /* HikeView.swift */; };
		87C73A952661B11200E7A60C /* LandmarksApp.swift in Sources */ = {isa = PBXBuildFile; fileRef = 87C73A942661B11200E7A60C /* LandmarksApp.swift */; };
		87C73A972661B11200E7A60C /* ContentView.swift in Sources */ = {isa = PBXBuildFile; fileRef = 87C73A962661B11200E7A60C /* ContentView.swift */; };
		87C73A992661B11500E7A60C /* Assets.xcassets in Resources */ = {isa = PBXBuildFile; fileRef = 87C73A982661B11500E7A60C /* Assets.xcassets */; };
		87C73A9C2661B11500E7A60C /* Preview Assets.xcassets in Resources */ = {isa = PBXBuildFile; fileRef = 87C73A9B2661B11500E7A60C /* Preview Assets.xcassets */; };
		87C73AA72661B11500E7A60C /* LandmarksTests.swift in Sources */ = {isa = PBXBuildFile; fileRef = 87C73AA62661B11500E7A60C /* LandmarksTests.swift */; };
		87C73AB22661B11500E7A60C /* LandmarksUITests.swift in Sources */ = {isa = PBXBuildFile; fileRef = 87C73AB12661B11500E7A60C /* LandmarksUITests.swift */; };
		87C73AC02661BC3800E7A60C /* CircleImage.swift in Sources */ = {isa = PBXBuildFile; fileRef = 87C73ABF2661BC3800E7A60C /* CircleImage.swift */; };
		87C73AC22661BE8800E7A60C /* MapView.swift in Sources */ = {isa = PBXBuildFile; fileRef = 87C73AC12661BE8800E7A60C /* MapView.swift */; };
		87C73AC426629D5F00E7A60C /* landmarkData.json in Resources */ = {isa = PBXBuildFile; fileRef = 87C73AC326629D5F00E7A60C /* landmarkData.json */; };
		87C73AC626629D9F00E7A60C /* Landmark.swift in Sources */ = {isa = PBXBuildFile; fileRef = 87C73AC526629D9F00E7A60C /* Landmark.swift */; };
		87C73AC82662A0B300E7A60C /* ModelData.swift in Sources */ = {isa = PBXBuildFile; fileRef = 87C73AC72662A0B300E7A60C /* ModelData.swift */; };
		87C73ACD26632A7A00E7A60C /* LandmarkRow.swift in Sources */ = {isa = PBXBuildFile; fileRef = 87C73ACC26632A7A00E7A60C /* LandmarkRow.swift */; };
		87C73ACF26632FBC00E7A60C /* LandmarkList.swift in Sources */ = {isa = PBXBuildFile; fileRef = 87C73ACE26632FBC00E7A60C /* LandmarkList.swift */; };
		87C73AD12663348A00E7A60C /* LandmarkDetail.swift in Sources */ = {isa = PBXBuildFile; fileRef = 87C73AD02663348A00E7A60C /* LandmarkDetail.swift */; };
		87C73AD32663ECD700E7A60C /* .gitignore in Resources */ = {isa = PBXBuildFile; fileRef = 87C73AD22663ECD700E7A60C /* .gitignore */; };
		87C73AD526648D0900E7A60C /* FavoriteButton.swift in Sources */ = {isa = PBXBuildFile; fileRef = 87C73AD426648D0900E7A60C /* FavoriteButton.swift */; };
		87C73AD92665AC8200E7A60C /* HexagonParameters.swift in Sources */ = {isa = PBXBuildFile; fileRef = 87C73AD82665AC8200E7A60C /* HexagonParameters.swift */; };
		87C73ADB2665B0B000E7A60C /* BadgeBackground.swift in Sources */ = {isa = PBXBuildFile; fileRef = 87C73ADA2665B0B000E7A60C /* BadgeBackground.swift */; };
		87C73ADF2665CAFD00E7A60C /* RotatedBadgeSymbol.swift in Sources */ = {isa = PBXBuildFile; fileRef = 87C73ADE2665CAFD00E7A60C /* RotatedBadgeSymbol.swift */; };
		87C73AE12665CBDC00E7A60C /* Badge.swift in Sources */ = {isa = PBXBuildFile; fileRef = 87C73AE02665CBDC00E7A60C /* Badge.swift */; };
		87C73AE42665CFFF00E7A60C /* BadgeSymbol.swift in Sources */ = {isa = PBXBuildFile; fileRef = 87C73AE32665CFFF00E7A60C /* BadgeSymbol.swift */; };
/* End PBXBuildFile section */

/* Begin PBXContainerItemProxy section */
		87C73AA32661B11500E7A60C /* PBXContainerItemProxy */ = {
			isa = PBXContainerItemProxy;
			containerPortal = 87C73A892661B11200E7A60C /* Project object */;
			proxyType = 1;
			remoteGlobalIDString = 87C73A902661B11200E7A60C;
			remoteInfo = Landmarks;
		};
		87C73AAE2661B11500E7A60C /* PBXContainerItemProxy */ = {
			isa = PBXContainerItemProxy;
			containerPortal = 87C73A892661B11200E7A60C /* Project object */;
			proxyType = 1;
			remoteGlobalIDString = 87C73A902661B11200E7A60C;
			remoteInfo = Landmarks;
		};
/* End PBXContainerItemProxy section */

/* Begin PBXFileReference section */
		879BA2192666D63E00A32561 /* hikeData.json */ = {isa = PBXFileReference; fileEncoding = 4; lastKnownFileType = text.json; path = hikeData.json; sourceTree = "<group>"; };
		879BA21B2666D65600A32561 /* Hike.swift */ = {isa = PBXFileReference; lastKnownFileType = sourcecode.swift; path = Hike.swift; sourceTree = "<group>"; };
		879BA21E2666D79900A32561 /* GraphCapsule.swift */ = {isa = PBXFileReference; fileEncoding = 4; lastKnownFileType = sourcecode.swift; path = GraphCapsule.swift; sourceTree = "<group>"; };
		879BA21F2666D79900A32561 /* HikeGraph.swift */ = {isa = PBXFileReference; fileEncoding = 4; lastKnownFileType = sourcecode.swift; path = HikeGraph.swift; sourceTree = "<group>"; };
		879BA2202666D79900A32561 /* HikeDetail.swift */ = {isa = PBXFileReference; fileEncoding = 4; lastKnownFileType = sourcecode.swift; path = HikeDetail.swift; sourceTree = "<group>"; };
		879BA2212666D79900A32561 /* HikeView.swift */ = {isa = PBXFileReference; fileEncoding = 4; lastKnownFileType = sourcecode.swift; path = HikeView.swift; sourceTree = "<group>"; };
		87C73A912661B11200E7A60C /* Landmarks.app */ = {isa = PBXFileReference; explicitFileType = wrapper.application; includeInIndex = 0; path = Landmarks.app; sourceTree = BUILT_PRODUCTS_DIR; };
		87C73A942661B11200E7A60C /* LandmarksApp.swift */ = {isa = PBXFileReference; lastKnownFileType = sourcecode.swift; path = LandmarksApp.swift; sourceTree = "<group>"; };
		87C73A962661B11200E7A60C /* ContentView.swift */ = {isa = PBXFileReference; lastKnownFileType = sourcecode.swift; path = ContentView.swift; sourceTree = "<group>"; };
		87C73A982661B11500E7A60C /* Assets.xcassets */ = {isa = PBXFileReference; lastKnownFileType = folder.assetcatalog; path = Assets.xcassets; sourceTree = "<group>"; };
		87C73A9B2661B11500E7A60C /* Preview Assets.xcassets */ = {isa = PBXFileReference; lastKnownFileType = folder.assetcatalog; path = "Preview Assets.xcassets"; sourceTree = "<group>"; };
		87C73A9D2661B11500E7A60C /* Info.plist */ = {isa = PBXFileReference; lastKnownFileType = text.plist.xml; path = Info.plist; sourceTree = "<group>"; };
		87C73AA22661B11500E7A60C /* LandmarksTests.xctest */ = {isa = PBXFileReference; explicitFileType = wrapper.cfbundle; includeInIndex = 0; path = LandmarksTests.xctest; sourceTree = BUILT_PRODUCTS_DIR; };
		87C73AA62661B11500E7A60C /* LandmarksTests.swift */ = {isa = PBXFileReference; lastKnownFileType = sourcecode.swift; path = LandmarksTests.swift; sourceTree = "<group>"; };
		87C73AA82661B11500E7A60C /* Info.plist */ = {isa = PBXFileReference; lastKnownFileType = text.plist.xml; path = Info.plist; sourceTree = "<group>"; };
		87C73AAD2661B11500E7A60C /* LandmarksUITests.xctest */ = {isa = PBXFileReference; explicitFileType = wrapper.cfbundle; includeInIndex = 0; path = LandmarksUITests.xctest; sourceTree = BUILT_PRODUCTS_DIR; };
		87C73AB12661B11500E7A60C /* LandmarksUITests.swift */ = {isa = PBXFileReference; lastKnownFileType = sourcecode.swift; path = LandmarksUITests.swift; sourceTree = "<group>"; };
		87C73AB32661B11500E7A60C /* Info.plist */ = {isa = PBXFileReference; lastKnownFileType = text.plist.xml; path = Info.plist; sourceTree = "<group>"; };
		87C73ABF2661BC3800E7A60C /* CircleImage.swift */ = {isa = PBXFileReference; lastKnownFileType = sourcecode.swift; path = CircleImage.swift; sourceTree = "<group>"; };
		87C73AC12661BE8800E7A60C /* MapView.swift */ = {isa = PBXFileReference; lastKnownFileType = sourcecode.swift; path = MapView.swift; sourceTree = "<group>"; };
		87C73AC326629D5F00E7A60C /* landmarkData.json */ = {isa = PBXFileReference; fileEncoding = 4; lastKnownFileType = text.json; path = landmarkData.json; sourceTree = "<group>"; };
		87C73AC526629D9F00E7A60C /* Landmark.swift */ = {isa = PBXFileReference; lastKnownFileType = sourcecode.swift; path = Landmark.swift; sourceTree = "<group>"; };
		87C73AC72662A0B300E7A60C /* ModelData.swift */ = {isa = PBXFileReference; lastKnownFileType = sourcecode.swift; path = ModelData.swift; sourceTree = "<group>"; };
		87C73ACC26632A7A00E7A60C /* LandmarkRow.swift */ = {isa = PBXFileReference; lastKnownFileType = sourcecode.swift; path = LandmarkRow.swift; sourceTree = "<group>"; };
		87C73ACE26632FBC00E7A60C /* LandmarkList.swift */ = {isa = PBXFileReference; lastKnownFileType = sourcecode.swift; path = LandmarkList.swift; sourceTree = "<group>"; };
		87C73AD02663348A00E7A60C /* LandmarkDetail.swift */ = {isa = PBXFileReference; lastKnownFileType = sourcecode.swift; path = LandmarkDetail.swift; sourceTree = "<group>"; };
		87C73AD22663ECD700E7A60C /* .gitignore */ = {isa = PBXFileReference; lastKnownFileType = text; path = .gitignore; sourceTree = "<group>"; };
		87C73AD426648D0900E7A60C /* FavoriteButton.swift */ = {isa = PBXFileReference; lastKnownFileType = sourcecode.swift; path = FavoriteButton.swift; sourceTree = "<group>"; };
		87C73AD82665AC8200E7A60C /* HexagonParameters.swift */ = {isa = PBXFileReference; lastKnownFileType = sourcecode.swift; path = HexagonParameters.swift; sourceTree = "<group>"; };
		87C73ADA2665B0B000E7A60C /* BadgeBackground.swift */ = {isa = PBXFileReference; lastKnownFileType = sourcecode.swift; path = BadgeBackground.swift; sourceTree = "<group>"; };
		87C73ADE2665CAFD00E7A60C /* RotatedBadgeSymbol.swift */ = {isa = PBXFileReference; lastKnownFileType = sourcecode.swift; path = RotatedBadgeSymbol.swift; sourceTree = "<group>"; };
		87C73AE02665CBDC00E7A60C /* Badge.swift */ = {isa = PBXFileReference; lastKnownFileType = sourcecode.swift; path = Badge.swift; sourceTree = "<group>"; };
		87C73AE32665CFFF00E7A60C /* BadgeSymbol.swift */ = {isa = PBXFileReference; lastKnownFileType = sourcecode.swift; path = BadgeSymbol.swift; sourceTree = "<group>"; };
/* End PBXFileReference section */

/* Begin PBXFrameworksBuildPhase section */
		87C73A8E2661B11200E7A60C /* Frameworks */ = {
			isa = PBXFrameworksBuildPhase;
			buildActionMask = 2147483647;
			files = (
			);
			runOnlyForDeploymentPostprocessing = 0;
		};
		87C73A9F2661B11500E7A60C /* Frameworks */ = {
			isa = PBXFrameworksBuildPhase;
			buildActionMask = 2147483647;
			files = (
			);
			runOnlyForDeploymentPostprocessing = 0;
		};
		87C73AAA2661B11500E7A60C /* Frameworks */ = {
			isa = PBXFrameworksBuildPhase;
			buildActionMask = 2147483647;
			files = (
			);
			runOnlyForDeploymentPostprocessing = 0;
		};
/* End PBXFrameworksBuildPhase section */

/* Begin PBXGroup section */
		879BA21D2666D79900A32561 /* Hikes */ = {
			isa = PBXGroup;
			children = (
				879BA21E2666D79900A32561 /* GraphCapsule.swift */,
				879BA21F2666D79900A32561 /* HikeGraph.swift */,
				879BA2202666D79900A32561 /* HikeDetail.swift */,
				879BA2212666D79900A32561 /* HikeView.swift */,
			);
			path = Hikes;
			sourceTree = "<group>";
		};
		87C73A882661B11200E7A60C = {
			isa = PBXGroup;
			children = (
				87C73AD22663ECD700E7A60C /* .gitignore */,
				87C73A932661B11200E7A60C /* Landmarks */,
				87C73AA52661B11500E7A60C /* LandmarksTests */,
				87C73AB02661B11500E7A60C /* LandmarksUITests */,
				87C73A922661B11200E7A60C /* Products */,
			);
			sourceTree = "<group>";
		};
		87C73A922661B11200E7A60C /* Products */ = {
			isa = PBXGroup;
			children = (
				87C73A912661B11200E7A60C /* Landmarks.app */,
				87C73AA22661B11500E7A60C /* LandmarksTests.xctest */,
				87C73AAD2661B11500E7A60C /* LandmarksUITests.xctest */,
			);
			name = Products;
			sourceTree = "<group>";
		};
		87C73A932661B11200E7A60C /* Landmarks */ = {
			isa = PBXGroup;
			children = (
				87C73A942661B11200E7A60C /* LandmarksApp.swift */,
				87C73AC92662A15F00E7A60C /* Views */,
				87C73ACA2662A18200E7A60C /* Model */,
				87C73ACB2662A1AE00E7A60C /* Resources */,
				87C73A982661B11500E7A60C /* Assets.xcassets */,
				87C73A9D2661B11500E7A60C /* Info.plist */,
				87C73A9A2661B11500E7A60C /* Preview Content */,
			);
			path = Landmarks;
			sourceTree = "<group>";
		};
		87C73A9A2661B11500E7A60C /* Preview Content */ = {
			isa = PBXGroup;
			children = (
				87C73A9B2661B11500E7A60C /* Preview Assets.xcassets */,
			);
			path = "Preview Content";
			sourceTree = "<group>";
		};
		87C73AA52661B11500E7A60C /* LandmarksTests */ = {
			isa = PBXGroup;
			children = (
				87C73AA62661B11500E7A60C /* LandmarksTests.swift */,
				87C73AA82661B11500E7A60C /* Info.plist */,
			);
			path = LandmarksTests;
			sourceTree = "<group>";
		};
		87C73AB02661B11500E7A60C /* LandmarksUITests */ = {
			isa = PBXGroup;
			children = (
				87C73AB12661B11500E7A60C /* LandmarksUITests.swift */,
				87C73AB32661B11500E7A60C /* Info.plist */,
			);
			path = LandmarksUITests;
			sourceTree = "<group>";
		};
		87C73AC92662A15F00E7A60C /* Views */ = {
			isa = PBXGroup;
			children = (
				87C73A962661B11200E7A60C /* ContentView.swift */,
				87C73AE22665CF2700E7A60C /* Badges */,
				879BA21D2666D79900A32561 /* Hikes */,
				87C73AD626648E4F00E7A60C /* Landmarks */,
				87C73AD726648E6500E7A60C /* Helpers */,
			);
			path = Views;
			sourceTree = "<group>";
		};
		87C73ACA2662A18200E7A60C /* Model */ = {
			isa = PBXGroup;
			children = (
				879BA21B2666D65600A32561 /* Hike.swift */,
				87C73AC72662A0B300E7A60C /* ModelData.swift */,
				87C73AC526629D9F00E7A60C /* Landmark.swift */,
			);
			path = Model;
			sourceTree = "<group>";
		};
		87C73ACB2662A1AE00E7A60C /* Resources */ = {
			isa = PBXGroup;
			children = (
				879BA2192666D63E00A32561 /* hikeData.json */,
				87C73AC326629D5F00E7A60C /* landmarkData.json */,
			);
			path = Resources;
			sourceTree = "<group>";
		};
		87C73AD626648E4F00E7A60C /* Landmarks */ = {
			isa = PBXGroup;
			children = (
				87C73ACC26632A7A00E7A60C /* LandmarkRow.swift */,
				87C73ACE26632FBC00E7A60C /* LandmarkList.swift */,
				87C73AD02663348A00E7A60C /* LandmarkDetail.swift */,
			);
			path = Landmarks;
			sourceTree = "<group>";
		};
		87C73AD726648E6500E7A60C /* Helpers */ = {
			isa = PBXGroup;
			children = (
				87C73ABF2661BC3800E7A60C /* CircleImage.swift */,
				87C73AC12661BE8800E7A60C /* MapView.swift */,
				87C73AD426648D0900E7A60C /* FavoriteButton.swift */,
			);
			path = Helpers;
			sourceTree = "<group>";
		};
		87C73AE22665CF2700E7A60C /* Badges */ = {
			isa = PBXGroup;
			children = (
				87C73AE02665CBDC00E7A60C /* Badge.swift */,
				87C73ADA2665B0B000E7A60C /* BadgeBackground.swift */,
				87C73AE32665CFFF00E7A60C /* BadgeSymbol.swift */,
				87C73ADE2665CAFD00E7A60C /* RotatedBadgeSymbol.swift */,
				87C73AD82665AC8200E7A60C /* HexagonParameters.swift */,
			);
			path = Badges;
			sourceTree = "<group>";
		};
/* End PBXGroup section */

/* Begin PBXNativeTarget section */
		87C73A902661B11200E7A60C /* Landmarks */ = {
			isa = PBXNativeTarget;
			buildConfigurationList = 87C73AB62661B11500E7A60C /* Build configuration list for PBXNativeTarget "Landmarks" */;
			buildPhases = (
				87C73A8D2661B11200E7A60C /* Sources */,
				87C73A8E2661B11200E7A60C /* Frameworks */,
				87C73A8F2661B11200E7A60C /* Resources */,
			);
			buildRules = (
			);
			dependencies = (
			);
			name = Landmarks;
			productName = Landmarks;
			productReference = 87C73A912661B11200E7A60C /* Landmarks.app */;
			productType = "com.apple.product-type.application";
		};
		87C73AA12661B11500E7A60C /* LandmarksTests */ = {
			isa = PBXNativeTarget;
			buildConfigurationList = 87C73AB92661B11500E7A60C /* Build configuration list for PBXNativeTarget "LandmarksTests" */;
			buildPhases = (
				87C73A9E2661B11500E7A60C /* Sources */,
				87C73A9F2661B11500E7A60C /* Frameworks */,
				87C73AA02661B11500E7A60C /* Resources */,
			);
			buildRules = (
			);
			dependencies = (
				87C73AA42661B11500E7A60C /* PBXTargetDependency */,
			);
			name = LandmarksTests;
			productName = LandmarksTests;
			productReference = 87C73AA22661B11500E7A60C /* LandmarksTests.xctest */;
			productType = "com.apple.product-type.bundle.unit-test";
		};
		87C73AAC2661B11500E7A60C /* LandmarksUITests */ = {
			isa = PBXNativeTarget;
			buildConfigurationList = 87C73ABC2661B11500E7A60C /* Build configuration list for PBXNativeTarget "LandmarksUITests" */;
			buildPhases = (
				87C73AA92661B11500E7A60C /* Sources */,
				87C73AAA2661B11500E7A60C /* Frameworks */,
				87C73AAB2661B11500E7A60C /* Resources */,
			);
			buildRules = (
			);
			dependencies = (
				87C73AAF2661B11500E7A60C /* PBXTargetDependency */,
			);
			name = LandmarksUITests;
			productName = LandmarksUITests;
			productReference = 87C73AAD2661B11500E7A60C /* LandmarksUITests.xctest */;
			productType = "com.apple.product-type.bundle.ui-testing";
		};
/* End PBXNativeTarget section */

/* Begin PBXProject section */
		87C73A892661B11200E7A60C /* Project object */ = {
			isa = PBXProject;
			attributes = {
				LastSwiftUpdateCheck = 1250;
				LastUpgradeCheck = 1250;
				TargetAttributes = {
					87C73A902661B11200E7A60C = {
						CreatedOnToolsVersion = 12.5;
					};
					87C73AA12661B11500E7A60C = {
						CreatedOnToolsVersion = 12.5;
						TestTargetID = 87C73A902661B11200E7A60C;
					};
					87C73AAC2661B11500E7A60C = {
						CreatedOnToolsVersion = 12.5;
						TestTargetID = 87C73A902661B11200E7A60C;
					};
				};
			};
			buildConfigurationList = 87C73A8C2661B11200E7A60C /* Build configuration list for PBXProject "Landmarks" */;
			compatibilityVersion = "Xcode 9.3";
			developmentRegion = en;
			hasScannedForEncodings = 0;
			knownRegions = (
				en,
				Base,
			);
			mainGroup = 87C73A882661B11200E7A60C;
			productRefGroup = 87C73A922661B11200E7A60C /* Products */;
			projectDirPath = "";
			projectRoot = "";
			targets = (
				87C73A902661B11200E7A60C /* Landmarks */,
				87C73AA12661B11500E7A60C /* LandmarksTests */,
				87C73AAC2661B11500E7A60C /* LandmarksUITests */,
			);
		};
/* End PBXProject section */

/* Begin PBXResourcesBuildPhase section */
		87C73A8F2661B11200E7A60C /* Resources */ = {
			isa = PBXResourcesBuildPhase;
			buildActionMask = 2147483647;
			files = (
				87C73AD32663ECD700E7A60C /* .gitignore in Resources */,
				87C73A9C2661B11500E7A60C /* Preview Assets.xcassets in Resources */,
				87C73A992661B11500E7A60C /* Assets.xcassets in Resources */,
				87C73AC426629D5F00E7A60C /* landmarkData.json in Resources */,
				879BA21A2666D63E00A32561 /* hikeData.json in Resources */,
			);
			runOnlyForDeploymentPostprocessing = 0;
		};
		87C73AA02661B11500E7A60C /* Resources */ = {
			isa = PBXResourcesBuildPhase;
			buildActionMask = 2147483647;
			files = (
			);
			runOnlyForDeploymentPostprocessing = 0;
		};
		87C73AAB2661B11500E7A60C /* Resources */ = {
			isa = PBXResourcesBuildPhase;
			buildActionMask = 2147483647;
			files = (
			);
			runOnlyForDeploymentPostprocessing = 0;
		};
/* End PBXResourcesBuildPhase section */

/* Begin PBXSourcesBuildPhase section */
		87C73A8D2661B11200E7A60C /* Sources */ = {
			isa = PBXSourcesBuildPhase;
			buildActionMask = 2147483647;
			files = (
				87C73A972661B11200E7A60C /* ContentView.swift in Sources */,
				879BA2232666D79900A32561 /* HikeGraph.swift in Sources */,
				87C73AE12665CBDC00E7A60C /* Badge.swift in Sources */,
				87C73AC22661BE8800E7A60C /* MapView.swift in Sources */,
				879BA2222666D79900A32561 /* GraphCapsule.swift in Sources */,
				87C73A952661B11200E7A60C /* LandmarksApp.swift in Sources */,
				87C73AD526648D0900E7A60C /* FavoriteButton.swift in Sources */,
				879BA2242666D79900A32561 /* HikeDetail.swift in Sources */,
				87C73AD92665AC8200E7A60C /* HexagonParameters.swift in Sources */,
				879BA21C2666D65600A32561 /* Hike.swift in Sources */,
				87C73ADF2665CAFD00E7A60C /* RotatedBadgeSymbol.swift in Sources */,
				87C73ACF26632FBC00E7A60C /* LandmarkList.swift in Sources */,
				87C73AE42665CFFF00E7A60C /* BadgeSymbol.swift in Sources */,
				879BA2252666D79900A32561 /* HikeView.swift in Sources */,
				87C73AD12663348A00E7A60C /* LandmarkDetail.swift in Sources */,
				87C73ADB2665B0B000E7A60C /* BadgeBackground.swift in Sources */,
				87C73AC02661BC3800E7A60C /* CircleImage.swift in Sources */,
				87C73AC626629D9F00E7A60C /* Landmark.swift in Sources */,
				87C73ACD26632A7A00E7A60C /* LandmarkRow.swift in Sources */,
				87C73AC82662A0B300E7A60C /* ModelData.swift in Sources */,
			);
			runOnlyForDeploymentPostprocessing = 0;
		};
		87C73A9E2661B11500E7A60C /* Sources */ = {
			isa = PBXSourcesBuildPhase;
			buildActionMask = 2147483647;
			files = (
				87C73AA72661B11500E7A60C /* LandmarksTests.swift in Sources */,
			);
			runOnlyForDeploymentPostprocessing = 0;
		};
		87C73AA92661B11500E7A60C /* Sources */ = {
			isa = PBXSourcesBuildPhase;
			buildActionMask = 2147483647;
			files = (
				87C73AB22661B11500E7A60C /* LandmarksUITests.swift in Sources */,
			);
			runOnlyForDeploymentPostprocessing = 0;
		};
/* End PBXSourcesBuildPhase section */

/* Begin PBXTargetDependency section */
		87C73AA42661B11500E7A60C /* PBXTargetDependency */ = {
			isa = PBXTargetDependency;
			target = 87C73A902661B11200E7A60C /* Landmarks */;
			targetProxy = 87C73AA32661B11500E7A60C /* PBXContainerItemProxy */;
		};
		87C73AAF2661B11500E7A60C /* PBXTargetDependency */ = {
			isa = PBXTargetDependency;
			target = 87C73A902661B11200E7A60C /* Landmarks */;
			targetProxy = 87C73AAE2661B11500E7A60C /* PBXContainerItemProxy */;
		};
/* End PBXTargetDependency section */

/* Begin XCBuildConfiguration section */
		87C73AB42661B11500E7A60C /* Debug */ = {
			isa = XCBuildConfiguration;
			buildSettings = {
				ALWAYS_SEARCH_USER_PATHS = NO;
				CLANG_ANALYZER_NONNULL = YES;
				CLANG_ANALYZER_NUMBER_OBJECT_CONVERSION = YES_AGGRESSIVE;
				CLANG_CXX_LANGUAGE_STANDARD = "gnu++14";
				CLANG_CXX_LIBRARY = "libc++";
				CLANG_ENABLE_MODULES = YES;
				CLANG_ENABLE_OBJC_ARC = YES;
				CLANG_ENABLE_OBJC_WEAK = YES;
				CLANG_WARN_BLOCK_CAPTURE_AUTORELEASING = YES;
				CLANG_WARN_BOOL_CONVERSION = YES;
				CLANG_WARN_COMMA = YES;
				CLANG_WARN_CONSTANT_CONVERSION = YES;
				CLANG_WARN_DEPRECATED_OBJC_IMPLEMENTATIONS = YES;
				CLANG_WARN_DIRECT_OBJC_ISA_USAGE = YES_ERROR;
				CLANG_WARN_DOCUMENTATION_COMMENTS = YES;
				CLANG_WARN_EMPTY_BODY = YES;
				CLANG_WARN_ENUM_CONVERSION = YES;
				CLANG_WARN_INFINITE_RECURSION = YES;
				CLANG_WARN_INT_CONVERSION = YES;
				CLANG_WARN_NON_LITERAL_NULL_CONVERSION = YES;
				CLANG_WARN_OBJC_IMPLICIT_RETAIN_SELF = YES;
				CLANG_WARN_OBJC_LITERAL_CONVERSION = YES;
				CLANG_WARN_OBJC_ROOT_CLASS = YES_ERROR;
				CLANG_WARN_QUOTED_INCLUDE_IN_FRAMEWORK_HEADER = YES;
				CLANG_WARN_RANGE_LOOP_ANALYSIS = YES;
				CLANG_WARN_STRICT_PROTOTYPES = YES;
				CLANG_WARN_SUSPICIOUS_MOVE = YES;
				CLANG_WARN_UNGUARDED_AVAILABILITY = YES_AGGRESSIVE;
				CLANG_WARN_UNREACHABLE_CODE = YES;
				CLANG_WARN__DUPLICATE_METHOD_MATCH = YES;
				COPY_PHASE_STRIP = NO;
				DEBUG_INFORMATION_FORMAT = dwarf;
				ENABLE_STRICT_OBJC_MSGSEND = YES;
				ENABLE_TESTABILITY = YES;
				GCC_C_LANGUAGE_STANDARD = gnu11;
				GCC_DYNAMIC_NO_PIC = NO;
				GCC_NO_COMMON_BLOCKS = YES;
				GCC_OPTIMIZATION_LEVEL = 0;
				GCC_PREPROCESSOR_DEFINITIONS = (
					"DEBUG=1",
					"$(inherited)",
				);
				GCC_WARN_64_TO_32_BIT_CONVERSION = YES;
				GCC_WARN_ABOUT_RETURN_TYPE = YES_ERROR;
				GCC_WARN_UNDECLARED_SELECTOR = YES;
				GCC_WARN_UNINITIALIZED_AUTOS = YES_AGGRESSIVE;
				GCC_WARN_UNUSED_FUNCTION = YES;
				GCC_WARN_UNUSED_VARIABLE = YES;
				IPHONEOS_DEPLOYMENT_TARGET = 14.5;
				MTL_ENABLE_DEBUG_INFO = INCLUDE_SOURCE;
				MTL_FAST_MATH = YES;
				ONLY_ACTIVE_ARCH = YES;
				SDKROOT = iphoneos;
				SWIFT_ACTIVE_COMPILATION_CONDITIONS = DEBUG;
				SWIFT_OPTIMIZATION_LEVEL = "-Onone";
			};
			name = Debug;
		};
		87C73AB52661B11500E7A60C /* Release */ = {
			isa = XCBuildConfiguration;
			buildSettings = {
				ALWAYS_SEARCH_USER_PATHS = NO;
				CLANG_ANALYZER_NONNULL = YES;
				CLANG_ANALYZER_NUMBER_OBJECT_CONVERSION = YES_AGGRESSIVE;
				CLANG_CXX_LANGUAGE_STANDARD = "gnu++14";
				CLANG_CXX_LIBRARY = "libc++";
				CLANG_ENABLE_MODULES = YES;
				CLANG_ENABLE_OBJC_ARC = YES;
				CLANG_ENABLE_OBJC_WEAK = YES;
				CLANG_WARN_BLOCK_CAPTURE_AUTORELEASING = YES;
				CLANG_WARN_BOOL_CONVERSION = YES;
				CLANG_WARN_COMMA = YES;
				CLANG_WARN_CONSTANT_CONVERSION = YES;
				CLANG_WARN_DEPRECATED_OBJC_IMPLEMENTATIONS = YES;
				CLANG_WARN_DIRECT_OBJC_ISA_USAGE = YES_ERROR;
				CLANG_WARN_DOCUMENTATION_COMMENTS = YES;
				CLANG_WARN_EMPTY_BODY = YES;
				CLANG_WARN_ENUM_CONVERSION = YES;
				CLANG_WARN_INFINITE_RECURSION = YES;
				CLANG_WARN_INT_CONVERSION = YES;
				CLANG_WARN_NON_LITERAL_NULL_CONVERSION = YES;
				CLANG_WARN_OBJC_IMPLICIT_RETAIN_SELF = YES;
				CLANG_WARN_OBJC_LITERAL_CONVERSION = YES;
				CLANG_WARN_OBJC_ROOT_CLASS = YES_ERROR;
				CLANG_WARN_QUOTED_INCLUDE_IN_FRAMEWORK_HEADER = YES;
				CLANG_WARN_RANGE_LOOP_ANALYSIS = YES;
				CLANG_WARN_STRICT_PROTOTYPES = YES;
				CLANG_WARN_SUSPICIOUS_MOVE = YES;
				CLANG_WARN_UNGUARDED_AVAILABILITY = YES_AGGRESSIVE;
				CLANG_WARN_UNREACHABLE_CODE = YES;
				CLANG_WARN__DUPLICATE_METHOD_MATCH = YES;
				COPY_PHASE_STRIP = NO;
				DEBUG_INFORMATION_FORMAT = "dwarf-with-dsym";
				ENABLE_NS_ASSERTIONS = NO;
				ENABLE_STRICT_OBJC_MSGSEND = YES;
				GCC_C_LANGUAGE_STANDARD = gnu11;
				GCC_NO_COMMON_BLOCKS = YES;
				GCC_WARN_64_TO_32_BIT_CONVERSION = YES;
				GCC_WARN_ABOUT_RETURN_TYPE = YES_ERROR;
				GCC_WARN_UNDECLARED_SELECTOR = YES;
				GCC_WARN_UNINITIALIZED_AUTOS = YES_AGGRESSIVE;
				GCC_WARN_UNUSED_FUNCTION = YES;
				GCC_WARN_UNUSED_VARIABLE = YES;
				IPHONEOS_DEPLOYMENT_TARGET = 14.5;
				MTL_ENABLE_DEBUG_INFO = NO;
				MTL_FAST_MATH = YES;
				SDKROOT = iphoneos;
				SWIFT_COMPILATION_MODE = wholemodule;
				SWIFT_OPTIMIZATION_LEVEL = "-O";
				VALIDATE_PRODUCT = YES;
			};
			name = Release;
		};
		87C73AB72661B11500E7A60C /* Debug */ = {
			isa = XCBuildConfiguration;
			buildSettings = {
				ASSETCATALOG_COMPILER_APPICON_NAME = AppIcon;
				ASSETCATALOG_COMPILER_GLOBAL_ACCENT_COLOR_NAME = AccentColor;
				CODE_SIGN_STYLE = Automatic;
				DEVELOPMENT_ASSET_PATHS = "\"Landmarks/Preview Content\"";
				ENABLE_PREVIEWS = YES;
				INFOPLIST_FILE = Landmarks/Info.plist;
				IPHONEOS_DEPLOYMENT_TARGET = 14.0;
				LD_RUNPATH_SEARCH_PATHS = (
					"$(inherited)",
					"@executable_path/Frameworks",
				);
				PRODUCT_BUNDLE_IDENTIFIER = "com.example.apple-samplecode.Landmarks";
				PRODUCT_NAME = "$(TARGET_NAME)";
				SWIFT_VERSION = 5.0;
				TARGETED_DEVICE_FAMILY = "1,2";
			};
			name = Debug;
		};
		87C73AB82661B11500E7A60C /* Release */ = {
			isa = XCBuildConfiguration;
			buildSettings = {
				ASSETCATALOG_COMPILER_APPICON_NAME = AppIcon;
				ASSETCATALOG_COMPILER_GLOBAL_ACCENT_COLOR_NAME = AccentColor;
				CODE_SIGN_STYLE = Automatic;
				DEVELOPMENT_ASSET_PATHS = "\"Landmarks/Preview Content\"";
				ENABLE_PREVIEWS = YES;
				INFOPLIST_FILE = Landmarks/Info.plist;
				IPHONEOS_DEPLOYMENT_TARGET = 14.0;
				LD_RUNPATH_SEARCH_PATHS = (
					"$(inherited)",
					"@executable_path/Frameworks",
				);
				PRODUCT_BUNDLE_IDENTIFIER = "com.example.apple-samplecode.Landmarks";
				PRODUCT_NAME = "$(TARGET_NAME)";
				SWIFT_VERSION = 5.0;
				TARGETED_DEVICE_FAMILY = "1,2";
			};
			name = Release;
		};
		87C73ABA2661B11500E7A60C /* Debug */ = {
			isa = XCBuildConfiguration;
			buildSettings = {
				ALWAYS_EMBED_SWIFT_STANDARD_LIBRARIES = YES;
				BUNDLE_LOADER = "$(TEST_HOST)";
				CODE_SIGN_STYLE = Automatic;
				INFOPLIST_FILE = LandmarksTests/Info.plist;
				IPHONEOS_DEPLOYMENT_TARGET = 14.0;
				LD_RUNPATH_SEARCH_PATHS = (
					"$(inherited)",
					"@executable_path/Frameworks",
					"@loader_path/Frameworks",
				);
				PRODUCT_BUNDLE_IDENTIFIER = "com.example.apple-samplecode.LandmarksTests";
				PRODUCT_NAME = "$(TARGET_NAME)";
				SWIFT_VERSION = 5.0;
				TARGETED_DEVICE_FAMILY = "1,2";
				TEST_HOST = "$(BUILT_PRODUCTS_DIR)/Landmarks.app/Landmarks";
			};
			name = Debug;
		};
		87C73ABB2661B11500E7A60C /* Release */ = {
			isa = XCBuildConfiguration;
			buildSettings = {
				ALWAYS_EMBED_SWIFT_STANDARD_LIBRARIES = YES;
				BUNDLE_LOADER = "$(TEST_HOST)";
				CODE_SIGN_STYLE = Automatic;
				INFOPLIST_FILE = LandmarksTests/Info.plist;
				IPHONEOS_DEPLOYMENT_TARGET = 14.0;
				LD_RUNPATH_SEARCH_PATHS = (
					"$(inherited)",
					"@executable_path/Frameworks",
					"@loader_path/Frameworks",
				);
				PRODUCT_BUNDLE_IDENTIFIER = "com.example.apple-samplecode.LandmarksTests";
				PRODUCT_NAME = "$(TARGET_NAME)";
				SWIFT_VERSION = 5.0;
				TARGETED_DEVICE_FAMILY = "1,2";
				TEST_HOST = "$(BUILT_PRODUCTS_DIR)/Landmarks.app/Landmarks";
			};
			name = Release;
		};
		87C73ABD2661B11500E7A60C /* Debug */ = {
			isa = XCBuildConfiguration;
			buildSettings = {
				ALWAYS_EMBED_SWIFT_STANDARD_LIBRARIES = YES;
				CODE_SIGN_STYLE = Automatic;
				INFOPLIST_FILE = LandmarksUITests/Info.plist;
				LD_RUNPATH_SEARCH_PATHS = (
					"$(inherited)",
					"@executable_path/Frameworks",
					"@loader_path/Frameworks",
				);
				PRODUCT_BUNDLE_IDENTIFIER = "com.example.apple-samplecode.LandmarksUITests";
				PRODUCT_NAME = "$(TARGET_NAME)";
				SWIFT_VERSION = 5.0;
				TARGETED_DEVICE_FAMILY = "1,2";
				TEST_TARGET_NAME = Landmarks;
			};
			name = Debug;
		};
		87C73ABE2661B11500E7A60C /* Release */ = {
			isa = XCBuildConfiguration;
			buildSettings = {
				ALWAYS_EMBED_SWIFT_STANDARD_LIBRARIES = YES;
				CODE_SIGN_STYLE = Automatic;
				INFOPLIST_FILE = LandmarksUITests/Info.plist;
				LD_RUNPATH_SEARCH_PATHS = (
					"$(inherited)",
					"@executable_path/Frameworks",
					"@loader_path/Frameworks",
				);
				PRODUCT_BUNDLE_IDENTIFIER = "com.example.apple-samplecode.LandmarksUITests";
				PRODUCT_NAME = "$(TARGET_NAME)";
				SWIFT_VERSION = 5.0;
				TARGETED_DEVICE_FAMILY = "1,2";
				TEST_TARGET_NAME = Landmarks;
			};
			name = Release;
		};
/* End XCBuildConfiguration section */

/* Begin XCConfigurationList section */
		87C73A8C2661B11200E7A60C /* Build configuration list for PBXProject "Landmarks" */ = {
			isa = XCConfigurationList;
			buildConfigurations = (
				87C73AB42661B11500E7A60C /* Debug */,
				87C73AB52661B11500E7A60C /* Release */,
			);
			defaultConfigurationIsVisible = 0;
			defaultConfigurationName = Release;
		};
		87C73AB62661B11500E7A60C /* Build configuration list for PBXNativeTarget "Landmarks" */ = {
			isa = XCConfigurationList;
			buildConfigurations = (
				87C73AB72661B11500E7A60C /* Debug */,
				87C73AB82661B11500E7A60C /* Release */,
			);
			defaultConfigurationIsVisible = 0;
			defaultConfigurationName = Release;
		};
		87C73AB92661B11500E7A60C /* Build configuration list for PBXNativeTarget "LandmarksTests" */ = {
			isa = XCConfigurationList;
			buildConfigurations = (
				87C73ABA2661B11500E7A60C /* Debug */,
				87C73ABB2661B11500E7A60C /* Release */,
			);
			defaultConfigurationIsVisible = 0;
			defaultConfigurationName = Release;
		};
		87C73ABC2661B11500E7A60C /* Build configuration list for PBXNativeTarget "LandmarksUITests" */ = {
			isa = XCConfigurationList;
			buildConfigurations = (
				87C73ABD2661B11500E7A60C /* Debug */,
				87C73ABE2661B11500E7A60C /* Release */,
			);
			defaultConfigurationIsVisible = 0;
			defaultConfigurationName = Release;
		};
/* End XCConfigurationList section */
	};
	rootObject = 87C73A892661B11200E7A60C /* Project object */;
}
